
Microsoft Visual Studio Solution File, Format Version 12.00
# Visual Studio 15
VisualStudioVersion = 15.0.25807.0
MinimumVisualStudioVersion = 10.0.40219.1
Project("{2150E333-8FDC-42A3-9474-1A3956D46DE8}") = "Engine", "Engine", "{CAB84A69-7779-4332-8CBB-28D50694F409}"
EndProject
Project("{2150E333-8FDC-42A3-9474-1A3956D46DE8}") = "Enterprise", "Enterprise", "{50F8B48A-C984-4D67-914E-78A11A6E0520}"
EndProject
Project("{2150E333-8FDC-42A3-9474-1A3956D46DE8}") = "Games", "Games", "{2369600C-DDAA-4F46-8330-F3D1C4018592}"
EndProject
Project("{8BC9CEB8-8B4A-11D0-8D11-00A0C91BC942}") = "UE4", "Intermediate\ProjectFiles\UE4.vcxproj", "{AFB40494-4C1D-4EF1-8B07-252B5E6088F8}"
EndProject
Project("{8BC9CEB8-8B4A-11D0-8D11-00A0C91BC942}") = "Studio", "Intermediate\ProjectFiles\Studio.vcxproj", "{85261934-12C7-4F49-813C-04D0ED1DCB86}"
EndProject
Project("{8BC9CEB8-8B4A-11D0-8D11-00A0C91BC942}") = "BuildingEscape", "Intermediate\ProjectFiles\BuildingEscape.vcxproj", "{1553B4F0-BB20-40FE-BFBA-52A4E0249A86}"
EndProject
Global
	GlobalSection(SolutionConfigurationPlatforms) = preSolution
		DebugGame Editor|HTML5 = DebugGame Editor|HTML5
		DebugGame Editor|Win32 = DebugGame Editor|Win32
		DebugGame Editor|Win64 = DebugGame Editor|Win64
		DebugGame|HTML5 = DebugGame|HTML5
		DebugGame|Win32 = DebugGame|Win32
		DebugGame|Win64 = DebugGame|Win64
		Development Editor|HTML5 = Development Editor|HTML5
		Development Editor|Win32 = Development Editor|Win32
		Development Editor|Win64 = Development Editor|Win64
		Development|HTML5 = Development|HTML5
		Development|Win32 = Development|Win32
		Development|Win64 = Development|Win64
		Shipping|HTML5 = Shipping|HTML5
		Shipping|Win32 = Shipping|Win32
		Shipping|Win64 = Shipping|Win64
	EndGlobalSection
	GlobalSection(ProjectConfigurationPlatforms) = postSolution
		{AFB40494-4C1D-4EF1-8B07-252B5E6088F8}.DebugGame Editor|HTML5.ActiveCfg = BuiltWithUnrealBuildTool|Win32
		{AFB40494-4C1D-4EF1-8B07-252B5E6088F8}.DebugGame Editor|HTML5.Build.0 = BuiltWithUnrealBuildTool|Win32
		{AFB40494-4C1D-4EF1-8B07-252B5E6088F8}.DebugGame Editor|Win32.ActiveCfg = BuiltWithUnrealBuildTool|Win32
		{AFB40494-4C1D-4EF1-8B07-252B5E6088F8}.DebugGame Editor|Win32.Build.0 = BuiltWithUnrealBuildTool|Win32
		{AFB40494-4C1D-4EF1-8B07-252B5E6088F8}.DebugGame Editor|Win64.ActiveCfg = BuiltWithUnrealBuildTool|Win32
		{AFB40494-4C1D-4EF1-8B07-252B5E6088F8}.DebugGame Editor|Win64.Build.0 = BuiltWithUnrealBuildTool|Win32
		{AFB40494-4C1D-4EF1-8B07-252B5E6088F8}.DebugGame|HTML5.ActiveCfg = BuiltWithUnrealBuildTool|Win32
		{AFB40494-4C1D-4EF1-8B07-252B5E6088F8}.DebugGame|HTML5.Build.0 = BuiltWithUnrealBuildTool|Win32
		{AFB40494-4C1D-4EF1-8B07-252B5E6088F8}.DebugGame|Win32.ActiveCfg = BuiltWithUnrealBuildTool|Win32
		{AFB40494-4C1D-4EF1-8B07-252B5E6088F8}.DebugGame|Win32.Build.0 = BuiltWithUnrealBuildTool|Win32
		{AFB40494-4C1D-4EF1-8B07-252B5E6088F8}.DebugGame|Win64.ActiveCfg = BuiltWithUnrealBuildTool|Win32
		{AFB40494-4C1D-4EF1-8B07-252B5E6088F8}.DebugGame|Win64.Build.0 = BuiltWithUnrealBuildTool|Win32
		{AFB40494-4C1D-4EF1-8B07-252B5E6088F8}.Development Editor|HTML5.ActiveCfg = BuiltWithUnrealBuildTool|Win32
		{AFB40494-4C1D-4EF1-8B07-252B5E6088F8}.Development Editor|HTML5.Build.0 = BuiltWithUnrealBuildTool|Win32
		{AFB40494-4C1D-4EF1-8B07-252B5E6088F8}.Development Editor|Win32.ActiveCfg = BuiltWithUnrealBuildTool|Win32
		{AFB40494-4C1D-4EF1-8B07-252B5E6088F8}.Development Editor|Win32.Build.0 = BuiltWithUnrealBuildTool|Win32
		{AFB40494-4C1D-4EF1-8B07-252B5E6088F8}.Development Editor|Win64.ActiveCfg = BuiltWithUnrealBuildTool|Win32
		{AFB40494-4C1D-4EF1-8B07-252B5E6088F8}.Development Editor|Win64.Build.0 = BuiltWithUnrealBuildTool|Win32
		{AFB40494-4C1D-4EF1-8B07-252B5E6088F8}.Development|HTML5.ActiveCfg = BuiltWithUnrealBuildTool|Win32
		{AFB40494-4C1D-4EF1-8B07-252B5E6088F8}.Development|HTML5.Build.0 = BuiltWithUnrealBuildTool|Win32
		{AFB40494-4C1D-4EF1-8B07-252B5E6088F8}.Development|Win32.ActiveCfg = BuiltWithUnrealBuildTool|Win32
		{AFB40494-4C1D-4EF1-8B07-252B5E6088F8}.Development|Win32.Build.0 = BuiltWithUnrealBuildTool|Win32
		{AFB40494-4C1D-4EF1-8B07-252B5E6088F8}.Development|Win64.ActiveCfg = BuiltWithUnrealBuildTool|Win32
		{AFB40494-4C1D-4EF1-8B07-252B5E6088F8}.Development|Win64.Build.0 = BuiltWithUnrealBuildTool|Win32
		{AFB40494-4C1D-4EF1-8B07-252B5E6088F8}.Shipping|HTML5.ActiveCfg = BuiltWithUnrealBuildTool|Win32
		{AFB40494-4C1D-4EF1-8B07-252B5E6088F8}.Shipping|HTML5.Build.0 = BuiltWithUnrealBuildTool|Win32
		{AFB40494-4C1D-4EF1-8B07-252B5E6088F8}.Shipping|Win32.ActiveCfg = BuiltWithUnrealBuildTool|Win32
		{AFB40494-4C1D-4EF1-8B07-252B5E6088F8}.Shipping|Win32.Build.0 = BuiltWithUnrealBuildTool|Win32
		{AFB40494-4C1D-4EF1-8B07-252B5E6088F8}.Shipping|Win64.ActiveCfg = BuiltWithUnrealBuildTool|Win32
		{AFB40494-4C1D-4EF1-8B07-252B5E6088F8}.Shipping|Win64.Build.0 = BuiltWithUnrealBuildTool|Win32
		{85261934-12C7-4F49-813C-04D0ED1DCB86}.DebugGame Editor|HTML5.ActiveCfg = BuiltWithUnrealBuildTool|Win32
		{85261934-12C7-4F49-813C-04D0ED1DCB86}.DebugGame Editor|HTML5.Build.0 = BuiltWithUnrealBuildTool|Win32
		{85261934-12C7-4F49-813C-04D0ED1DCB86}.DebugGame Editor|Win32.ActiveCfg = BuiltWithUnrealBuildTool|Win32
		{85261934-12C7-4F49-813C-04D0ED1DCB86}.DebugGame Editor|Win32.Build.0 = BuiltWithUnrealBuildTool|Win32
		{85261934-12C7-4F49-813C-04D0ED1DCB86}.DebugGame Editor|Win64.ActiveCfg = BuiltWithUnrealBuildTool|Win32
		{85261934-12C7-4F49-813C-04D0ED1DCB86}.DebugGame Editor|Win64.Build.0 = BuiltWithUnrealBuildTool|Win32
		{85261934-12C7-4F49-813C-04D0ED1DCB86}.DebugGame|HTML5.ActiveCfg = BuiltWithUnrealBuildTool|Win32
		{85261934-12C7-4F49-813C-04D0ED1DCB86}.DebugGame|HTML5.Build.0 = BuiltWithUnrealBuildTool|Win32
		{85261934-12C7-4F49-813C-04D0ED1DCB86}.DebugGame|Win32.ActiveCfg = BuiltWithUnrealBuildTool|Win32
		{85261934-12C7-4F49-813C-04D0ED1DCB86}.DebugGame|Win32.Build.0 = BuiltWithUnrealBuildTool|Win32
		{85261934-12C7-4F49-813C-04D0ED1DCB86}.DebugGame|Win64.ActiveCfg = BuiltWithUnrealBuildTool|Win32
		{85261934-12C7-4F49-813C-04D0ED1DCB86}.DebugGame|Win64.Build.0 = BuiltWithUnrealBuildTool|Win32
		{85261934-12C7-4F49-813C-04D0ED1DCB86}.Development Editor|HTML5.ActiveCfg = BuiltWithUnrealBuildTool|Win32
		{85261934-12C7-4F49-813C-04D0ED1DCB86}.Development Editor|HTML5.Build.0 = BuiltWithUnrealBuildTool|Win32
		{85261934-12C7-4F49-813C-04D0ED1DCB86}.Development Editor|Win32.ActiveCfg = BuiltWithUnrealBuildTool|Win32
		{85261934-12C7-4F49-813C-04D0ED1DCB86}.Development Editor|Win32.Build.0 = BuiltWithUnrealBuildTool|Win32
		{85261934-12C7-4F49-813C-04D0ED1DCB86}.Development Editor|Win64.ActiveCfg = BuiltWithUnrealBuildTool|Win32
		{85261934-12C7-4F49-813C-04D0ED1DCB86}.Development Editor|Win64.Build.0 = BuiltWithUnrealBuildTool|Win32
		{85261934-12C7-4F49-813C-04D0ED1DCB86}.Development|HTML5.ActiveCfg = BuiltWithUnrealBuildTool|Win32
		{85261934-12C7-4F49-813C-04D0ED1DCB86}.Development|HTML5.Build.0 = BuiltWithUnrealBuildTool|Win32
		{85261934-12C7-4F49-813C-04D0ED1DCB86}.Development|Win32.ActiveCfg = BuiltWithUnrealBuildTool|Win32
		{85261934-12C7-4F49-813C-04D0ED1DCB86}.Development|Win32.Build.0 = BuiltWithUnrealBuildTool|Win32
		{85261934-12C7-4F49-813C-04D0ED1DCB86}.Development|Win64.ActiveCfg = BuiltWithUnrealBuildTool|Win32
		{85261934-12C7-4F49-813C-04D0ED1DCB86}.Development|Win64.Build.0 = BuiltWithUnrealBuildTool|Win32
		{85261934-12C7-4F49-813C-04D0ED1DCB86}.Shipping|HTML5.ActiveCfg = BuiltWithUnrealBuildTool|Win32
		{85261934-12C7-4F49-813C-04D0ED1DCB86}.Shipping|HTML5.Build.0 = BuiltWithUnrealBuildTool|Win32
		{85261934-12C7-4F49-813C-04D0ED1DCB86}.Shipping|Win32.ActiveCfg = BuiltWithUnrealBuildTool|Win32
		{85261934-12C7-4F49-813C-04D0ED1DCB86}.Shipping|Win32.Build.0 = BuiltWithUnrealBuildTool|Win32
		{85261934-12C7-4F49-813C-04D0ED1DCB86}.Shipping|Win64.ActiveCfg = BuiltWithUnrealBuildTool|Win32
		{85261934-12C7-4F49-813C-04D0ED1DCB86}.Shipping|Win64.Build.0 = BuiltWithUnrealBuildTool|Win32
		{1553B4F0-BB20-40FE-BFBA-52A4E0249A86}.DebugGame Editor|HTML5.ActiveCfg = HTML5_DebugGame_Editor|Win32
		{1553B4F0-BB20-40FE-BFBA-52A4E0249A86}.DebugGame Editor|Win32.ActiveCfg = DebugGame_Editor|Win32
		{1553B4F0-BB20-40FE-BFBA-52A4E0249A86}.DebugGame Editor|Win64.ActiveCfg = DebugGame_Editor|x64
		{1553B4F0-BB20-40FE-BFBA-52A4E0249A86}.DebugGame Editor|Win64.Build.0 = DebugGame_Editor|x64
		{1553B4F0-BB20-40FE-BFBA-52A4E0249A86}.DebugGame|HTML5.ActiveCfg = HTML5_DebugGame_Game|Win32
		{1553B4F0-BB20-40FE-BFBA-52A4E0249A86}.DebugGame|HTML5.Build.0 = HTML5_DebugGame_Game|Win32
		{1553B4F0-BB20-40FE-BFBA-52A4E0249A86}.DebugGame|Win32.ActiveCfg = DebugGame_Game|Win32
		{1553B4F0-BB20-40FE-BFBA-52A4E0249A86}.DebugGame|Win32.Build.0 = DebugGame_Game|Win32
		{1553B4F0-BB20-40FE-BFBA-52A4E0249A86}.DebugGame|Win64.ActiveCfg = DebugGame_Game|x64
		{1553B4F0-BB20-40FE-BFBA-52A4E0249A86}.DebugGame|Win64.Build.0 = DebugGame_Game|x64
		{1553B4F0-BB20-40FE-BFBA-52A4E0249A86}.Development Editor|HTML5.ActiveCfg = HTML5_Development_Editor|Win32
		{1553B4F0-BB20-40FE-BFBA-52A4E0249A86}.Development Editor|Win32.ActiveCfg = Development_Editor|Win32
		{1553B4F0-BB20-40FE-BFBA-52A4E0249A86}.Development Editor|Win64.ActiveCfg = Development_Editor|x64
		{1553B4F0-BB20-40FE-BFBA-52A4E0249A86}.Development Editor|Win64.Build.0 = Development_Editor|x64
		{1553B4F0-BB20-40FE-BFBA-52A4E0249A86}.Development|HTML5.ActiveCfg = HTML5_Development_Game|Win32
		{1553B4F0-BB20-40FE-BFBA-52A4E0249A86}.Development|HTML5.Build.0 = HTML5_Development_Game|Win32
		{1553B4F0-BB20-40FE-BFBA-52A4E0249A86}.Development|Win32.ActiveCfg = Development_Game|Win32
		{1553B4F0-BB20-40FE-BFBA-52A4E0249A86}.Development|Win32.Build.0 = Development_Game|Win32
		{1553B4F0-BB20-40FE-BFBA-52A4E0249A86}.Development|Win64.ActiveCfg = Development_Game|x64
		{1553B4F0-BB20-40FE-BFBA-52A4E0249A86}.Development|Win64.Build.0 = Development_Game|x64
		{1553B4F0-BB20-40FE-BFBA-52A4E0249A86}.Shipping|HTML5.ActiveCfg = HTML5_Shipping_Game|Win32
		{1553B4F0-BB20-40FE-BFBA-52A4E0249A86}.Shipping|HTML5.Build.0 = HTML5_Shipping_Game|Win32
		{1553B4F0-BB20-40FE-BFBA-52A4E0249A86}.Shipping|Win32.ActiveCfg = Shipping_Game|Win32
		{1553B4F0-BB20-40FE-BFBA-52A4E0249A86}.Shipping|Win32.Build.0 = Shipping_Game|Win32
		{1553B4F0-BB20-40FE-BFBA-52A4E0249A86}.Shipping|Win64.ActiveCfg = Shipping_Game|x64
		{1553B4F0-BB20-40FE-BFBA-52A4E0249A86}.Shipping|Win64.Build.0 = Shipping_Game|x64
	EndGlobalSection
	GlobalSection(SolutionProperties) = preSolution
		HideSolutionNode = FALSE
	EndGlobalSection
	GlobalSection(NestedProjects) = preSolution
		{AFB40494-4C1D-4EF1-8B07-252B5E6088F8} = {CAB84A69-7779-4332-8CBB-28D50694F409}
		{85261934-12C7-4F49-813C-04D0ED1DCB86} = {50F8B48A-C984-4D67-914E-78A11A6E0520}
		{1553B4F0-BB20-40FE-BFBA-52A4E0249A86} = {2369600C-DDAA-4F46-8330-F3D1C4018592}
	EndGlobalSection
	GlobalSection(ExtensibilityGlobals) = postSolution
		SolutionGuid = {A6352AB7-C00D-4557-B378-2D04CD673F1B}
	EndGlobalSection
EndGlobal
